{
  "version": 4,
  "terraform_version": "1.2.9",
  "serial": 76,
  "lineage": "619bd715-64c5-1f81-d0e0-d95fa075ea1f",
  "outputs": {},
  "resources": [
    {
      "mode": "managed",
      "type": "local_file",
      "name": "ansible_inventory",
      "provider": "provider[\"registry.terraform.io/hashicorp/local\"]",
      "instances": [
        {
          "schema_version": 0,
          "attributes": {
            "content": "[db]\ndb0       ansible_host=192.168.3.100\n\n[app]\napp0      ansible_host=192.168.3.110\napp1      ansible_host=192.168.3.111\n\n[lb]\nlb0      ansible_host=192.168.3.120\n\n",
            "content_base64": null,
            "directory_permission": "0777",
            "file_permission": "644",
            "filename": "../ansible/inventory.ini",
            "id": "eaab1d5a43020726645d404b2815dc5def91eb1f",
            "sensitive_content": null,
            "source": null
          },
          "sensitive_attributes": [],
          "private": "bnVsbA==",
          "dependencies": [
            "proxmox_lxc.app",
            "proxmox_lxc.db",
            "proxmox_lxc.lb"
          ]
        }
      ]
    },
    {
      "mode": "managed",
      "type": "proxmox_lxc",
      "name": "app",
      "provider": "provider[\"registry.terraform.io/telmate/proxmox\"]",
      "instances": [
        {
          "index_key": 0,
          "schema_version": 0,
          "attributes": {
            "arch": "amd64",
            "bwlimit": 0,
            "clone": null,
            "clone_storage": null,
            "cmode": "tty",
            "console": true,
            "cores": 1,
            "cpulimit": 0,
            "cpuunits": 1024,
            "description": "",
            "features": [],
            "force": false,
            "full": null,
            "hagroup": "",
            "hastate": "",
            "hookscript": "",
            "hostname": "app0",
            "id": "lech/lxc/160",
            "ignore_unpack_errors": false,
            "lock": "",
            "memory": 512,
            "mountpoint": [],
            "nameserver": "",
            "network": [
              {
                "bridge": "vmbr0",
                "firewall": false,
                "gw": "",
                "gw6": "",
                "hwaddr": "4E:A9:3A:E0:6E:F7",
                "ip": "192.168.3.110/24",
                "ip6": "",
                "mtu": 0,
                "name": "eth0",
                "rate": 0,
                "tag": 0,
                "trunks": "",
                "type": "veth"
              }
            ],
            "onboot": true,
            "ostemplate": "local:vztmpl/ubuntu-22.04-standard_22.04-1_amd64.tar.zst",
            "ostype": "ubuntu",
            "password": null,
            "pool": null,
            "protection": false,
            "restore": false,
            "rootfs": [
              {
                "acl": false,
                "quota": false,
                "replicate": false,
                "ro": false,
                "shared": false,
                "size": "8G",
                "storage": "tb",
                "volume": "tb:160/vm-160-disk-0.raw"
              }
            ],
            "searchdomain": "",
            "ssh_public_keys": "ssh-rsa AAAAB3NzaC1yc2EAAAADAQABAAAEAQDAHKo/EDbCfB3JXjeJaxOw5zwaXOcynlGQLR6EY+yIDJ8nS7OPpJ7hrASYPWFz3pHKWb+y8q2F5czho746VF7tlwN9OaK1DOhHluVHnYBcE7rq0HyHwWYu9Qsq2W01WmdWQ/pExBJwa+r2ybijyiEFXWBBt8ozLCDN8VYTj+JfxM2sPhDBFySVU5mYOsI8JZExkud/2hdeFxahGC4lH9AaaMAKHgeS15bMzJjkT4SQ9Gn+87UPiZ9Iqa1fLyz4PAQl915Ke0OjPcYSDn46fMGczA9aHlBzLRK9n/GR7nF8EHVyeKOg3JvKfBBRxmSye/kR5/ELgM+xZSq1autNMR+GVv/ua8iW1p4f1bcgFAFf/SqmU3rXp89gtwbaPa2E3hlR+yFASF7crbNfQ19tHH5QEnfbDP86pjCtdtCSwkhGIQ6SoHGdV0/+x800Pv6ZFvkrQoAKZz9Gu57k43qM/IMZe7CMeaQ99xs5iVNsj0usVyCDGF9h2tDG+sojAvRcZ3DBZIno3d5M6Ik6W/P4Aa+7B/tKM/sSRG6nRrw6gPnELy0U0ZVArcoUlGjpawD1rS9LZ23lroyhQs8rD35dWYvUUEOqMoLonpXTqbzYzQVHT9SrbzmrOzqq6le0T8K7s16+mq7DInbgbwNvlQJ1QkSdImg6bS+taBIl8Js7X3j8zUeoWz9sU5zabfVPDKmu6yepNH8aHTgR3mLWex5tBIJhDj9xLVY90ia4VwZoUXmXq/kr8lm7QEepCOPRbfOLi67gvtkIgotaT42iD90tCnUGMevyWE5GceD41+V4b3fa/zpjrm3Ga96VTC2B8IOhAsxZOI1roDOnB/CuOsbPB6DpepcW6XWcnr+B8sCprdeZOUIEb7L770FDFRvfP6LuqnaI2eJ8qczQBAT3JS4VqF6n2AJXlsXT0TVbc5/bn2Z/TZJYS8n5RfCxnFmt0KVDcQwFe+5PYovxv6TBVcvFROyDRCe5DpBfnZbw77dezWu/+6TlS9SPNGWPlszBpFcka/tosqnmWcwj6vEE6pYrwGArwZ2ry0uvx/HQncMSs4i93MOCfD9KidRZejOog1FdNhy5EXy/mww25+FJsLr6hvc7oYWVRSdKdKXG+DA/r2YpaCEWmO0PaIPabRH4zuX2Q7ya9ZynRM6AcLS/HMmblsQqoNhjlYPpJ/1lXssYoCvYGnvE+JKsylV4csuMzAYVt3LnSCReoVHTymkdnXI7nG1ALkt9GoZNRR9i1Nhzx/w+Ij0HZq3R/Rt5aJ9x8AqMER4K8hCTJPQ1l2HurE9gFsAcSMwk9cx6pGYMNQ8yncSQEnyYHkCeW0BWmjzyBvGhNc2nhLh97m7UTuT8w8U3UZKh AGlumov\n",
            "start": true,
            "startup": "",
            "swap": 0,
            "tags": "",
            "target_node": "lech",
            "template": false,
            "timeouts": null,
            "tty": 2,
            "unique": false,
            "unprivileged": true,
            "unused": [],
            "vmid": 160
          },
          "sensitive_attributes": [],
          "private": "eyJlMmJmYjczMC1lY2FhLTExZTYtOGY4OC0zNDM2M2JjN2M0YzAiOnsiY3JlYXRlIjoxMjAwMDAwMDAwMDAwLCJkZWZhdWx0IjoxMjAwMDAwMDAwMDAwLCJkZWxldGUiOjEyMDAwMDAwMDAwMDAsInJlYWQiOjEyMDAwMDAwMDAwMDAsInVwZGF0ZSI6MTIwMDAwMDAwMDAwMH19"
        },
        {
          "index_key": 1,
          "schema_version": 0,
          "attributes": {
            "arch": "amd64",
            "bwlimit": 0,
            "clone": null,
            "clone_storage": null,
            "cmode": "tty",
            "console": true,
            "cores": 1,
            "cpulimit": 0,
            "cpuunits": 1024,
            "description": "",
            "features": [],
            "force": false,
            "full": null,
            "hagroup": "",
            "hastate": "",
            "hookscript": "",
            "hostname": "app1",
            "id": "lech/lxc/161",
            "ignore_unpack_errors": false,
            "lock": "",
            "memory": 512,
            "mountpoint": [],
            "nameserver": "",
            "network": [
              {
                "bridge": "vmbr0",
                "firewall": false,
                "gw": "",
                "gw6": "",
                "hwaddr": "92:DF:B8:BB:9A:DC",
                "ip": "192.168.3.111/24",
                "ip6": "",
                "mtu": 0,
                "name": "eth0",
                "rate": 0,
                "tag": 0,
                "trunks": "",
                "type": "veth"
              }
            ],
            "onboot": true,
            "ostemplate": "local:vztmpl/ubuntu-22.04-standard_22.04-1_amd64.tar.zst",
            "ostype": "ubuntu",
            "password": null,
            "pool": null,
            "protection": false,
            "restore": false,
            "rootfs": [
              {
                "acl": false,
                "quota": false,
                "replicate": false,
                "ro": false,
                "shared": false,
                "size": "8G",
                "storage": "tb",
                "volume": "tb:161/vm-161-disk-0.raw"
              }
            ],
            "searchdomain": "",
            "ssh_public_keys": "ssh-rsa AAAAB3NzaC1yc2EAAAADAQABAAAEAQDAHKo/EDbCfB3JXjeJaxOw5zwaXOcynlGQLR6EY+yIDJ8nS7OPpJ7hrASYPWFz3pHKWb+y8q2F5czho746VF7tlwN9OaK1DOhHluVHnYBcE7rq0HyHwWYu9Qsq2W01WmdWQ/pExBJwa+r2ybijyiEFXWBBt8ozLCDN8VYTj+JfxM2sPhDBFySVU5mYOsI8JZExkud/2hdeFxahGC4lH9AaaMAKHgeS15bMzJjkT4SQ9Gn+87UPiZ9Iqa1fLyz4PAQl915Ke0OjPcYSDn46fMGczA9aHlBzLRK9n/GR7nF8EHVyeKOg3JvKfBBRxmSye/kR5/ELgM+xZSq1autNMR+GVv/ua8iW1p4f1bcgFAFf/SqmU3rXp89gtwbaPa2E3hlR+yFASF7crbNfQ19tHH5QEnfbDP86pjCtdtCSwkhGIQ6SoHGdV0/+x800Pv6ZFvkrQoAKZz9Gu57k43qM/IMZe7CMeaQ99xs5iVNsj0usVyCDGF9h2tDG+sojAvRcZ3DBZIno3d5M6Ik6W/P4Aa+7B/tKM/sSRG6nRrw6gPnELy0U0ZVArcoUlGjpawD1rS9LZ23lroyhQs8rD35dWYvUUEOqMoLonpXTqbzYzQVHT9SrbzmrOzqq6le0T8K7s16+mq7DInbgbwNvlQJ1QkSdImg6bS+taBIl8Js7X3j8zUeoWz9sU5zabfVPDKmu6yepNH8aHTgR3mLWex5tBIJhDj9xLVY90ia4VwZoUXmXq/kr8lm7QEepCOPRbfOLi67gvtkIgotaT42iD90tCnUGMevyWE5GceD41+V4b3fa/zpjrm3Ga96VTC2B8IOhAsxZOI1roDOnB/CuOsbPB6DpepcW6XWcnr+B8sCprdeZOUIEb7L770FDFRvfP6LuqnaI2eJ8qczQBAT3JS4VqF6n2AJXlsXT0TVbc5/bn2Z/TZJYS8n5RfCxnFmt0KVDcQwFe+5PYovxv6TBVcvFROyDRCe5DpBfnZbw77dezWu/+6TlS9SPNGWPlszBpFcka/tosqnmWcwj6vEE6pYrwGArwZ2ry0uvx/HQncMSs4i93MOCfD9KidRZejOog1FdNhy5EXy/mww25+FJsLr6hvc7oYWVRSdKdKXG+DA/r2YpaCEWmO0PaIPabRH4zuX2Q7ya9ZynRM6AcLS/HMmblsQqoNhjlYPpJ/1lXssYoCvYGnvE+JKsylV4csuMzAYVt3LnSCReoVHTymkdnXI7nG1ALkt9GoZNRR9i1Nhzx/w+Ij0HZq3R/Rt5aJ9x8AqMER4K8hCTJPQ1l2HurE9gFsAcSMwk9cx6pGYMNQ8yncSQEnyYHkCeW0BWmjzyBvGhNc2nhLh97m7UTuT8w8U3UZKh AGlumov\n",
            "start": true,
            "startup": "",
            "swap": 0,
            "tags": "",
            "target_node": "lech",
            "template": false,
            "timeouts": null,
            "tty": 2,
            "unique": false,
            "unprivileged": true,
            "unused": [],
            "vmid": 161
          },
          "sensitive_attributes": [],
          "private": "eyJlMmJmYjczMC1lY2FhLTExZTYtOGY4OC0zNDM2M2JjN2M0YzAiOnsiY3JlYXRlIjoxMjAwMDAwMDAwMDAwLCJkZWZhdWx0IjoxMjAwMDAwMDAwMDAwLCJkZWxldGUiOjEyMDAwMDAwMDAwMDAsInJlYWQiOjEyMDAwMDAwMDAwMDAsInVwZGF0ZSI6MTIwMDAwMDAwMDAwMH19"
        }
      ]
    },
    {
      "mode": "managed",
      "type": "proxmox_lxc",
      "name": "db",
      "provider": "provider[\"registry.terraform.io/telmate/proxmox\"]",
      "instances": [
        {
          "index_key": 0,
          "schema_version": 0,
          "attributes": {
            "arch": "amd64",
            "bwlimit": 0,
            "clone": null,
            "clone_storage": null,
            "cmode": "tty",
            "console": true,
            "cores": 1,
            "cpulimit": 0,
            "cpuunits": 1024,
            "description": "",
            "features": [],
            "force": false,
            "full": null,
            "hagroup": "",
            "hastate": "",
            "hookscript": "",
            "hostname": "db0",
            "id": "lech/lxc/200",
            "ignore_unpack_errors": false,
            "lock": "",
            "memory": 512,
            "mountpoint": [],
            "nameserver": "",
            "network": [
              {
                "bridge": "vmbr0",
                "firewall": false,
                "gw": "",
                "gw6": "",
                "hwaddr": "02:D9:80:CB:9B:20",
                "ip": "192.168.3.100/24",
                "ip6": "",
                "mtu": 0,
                "name": "eth0",
                "rate": 0,
                "tag": 0,
                "trunks": "",
                "type": "veth"
              }
            ],
            "onboot": true,
            "ostemplate": "local:vztmpl/ubuntu-22.04-standard_22.04-1_amd64.tar.zst",
            "ostype": "ubuntu",
            "password": null,
            "pool": null,
            "protection": false,
            "restore": false,
            "rootfs": [
              {
                "acl": false,
                "quota": false,
                "replicate": false,
                "ro": false,
                "shared": false,
                "size": "8G",
                "storage": "tb",
                "volume": "tb:200/vm-200-disk-0.raw"
              }
            ],
            "searchdomain": "",
            "ssh_public_keys": "ssh-rsa AAAAB3NzaC1yc2EAAAADAQABAAAEAQDAHKo/EDbCfB3JXjeJaxOw5zwaXOcynlGQLR6EY+yIDJ8nS7OPpJ7hrASYPWFz3pHKWb+y8q2F5czho746VF7tlwN9OaK1DOhHluVHnYBcE7rq0HyHwWYu9Qsq2W01WmdWQ/pExBJwa+r2ybijyiEFXWBBt8ozLCDN8VYTj+JfxM2sPhDBFySVU5mYOsI8JZExkud/2hdeFxahGC4lH9AaaMAKHgeS15bMzJjkT4SQ9Gn+87UPiZ9Iqa1fLyz4PAQl915Ke0OjPcYSDn46fMGczA9aHlBzLRK9n/GR7nF8EHVyeKOg3JvKfBBRxmSye/kR5/ELgM+xZSq1autNMR+GVv/ua8iW1p4f1bcgFAFf/SqmU3rXp89gtwbaPa2E3hlR+yFASF7crbNfQ19tHH5QEnfbDP86pjCtdtCSwkhGIQ6SoHGdV0/+x800Pv6ZFvkrQoAKZz9Gu57k43qM/IMZe7CMeaQ99xs5iVNsj0usVyCDGF9h2tDG+sojAvRcZ3DBZIno3d5M6Ik6W/P4Aa+7B/tKM/sSRG6nRrw6gPnELy0U0ZVArcoUlGjpawD1rS9LZ23lroyhQs8rD35dWYvUUEOqMoLonpXTqbzYzQVHT9SrbzmrOzqq6le0T8K7s16+mq7DInbgbwNvlQJ1QkSdImg6bS+taBIl8Js7X3j8zUeoWz9sU5zabfVPDKmu6yepNH8aHTgR3mLWex5tBIJhDj9xLVY90ia4VwZoUXmXq/kr8lm7QEepCOPRbfOLi67gvtkIgotaT42iD90tCnUGMevyWE5GceD41+V4b3fa/zpjrm3Ga96VTC2B8IOhAsxZOI1roDOnB/CuOsbPB6DpepcW6XWcnr+B8sCprdeZOUIEb7L770FDFRvfP6LuqnaI2eJ8qczQBAT3JS4VqF6n2AJXlsXT0TVbc5/bn2Z/TZJYS8n5RfCxnFmt0KVDcQwFe+5PYovxv6TBVcvFROyDRCe5DpBfnZbw77dezWu/+6TlS9SPNGWPlszBpFcka/tosqnmWcwj6vEE6pYrwGArwZ2ry0uvx/HQncMSs4i93MOCfD9KidRZejOog1FdNhy5EXy/mww25+FJsLr6hvc7oYWVRSdKdKXG+DA/r2YpaCEWmO0PaIPabRH4zuX2Q7ya9ZynRM6AcLS/HMmblsQqoNhjlYPpJ/1lXssYoCvYGnvE+JKsylV4csuMzAYVt3LnSCReoVHTymkdnXI7nG1ALkt9GoZNRR9i1Nhzx/w+Ij0HZq3R/Rt5aJ9x8AqMER4K8hCTJPQ1l2HurE9gFsAcSMwk9cx6pGYMNQ8yncSQEnyYHkCeW0BWmjzyBvGhNc2nhLh97m7UTuT8w8U3UZKh AGlumov\n",
            "start": true,
            "startup": "",
            "swap": 0,
            "tags": "",
            "target_node": "lech",
            "template": false,
            "timeouts": null,
            "tty": 2,
            "unique": false,
            "unprivileged": true,
            "unused": [],
            "vmid": 200
          },
          "sensitive_attributes": [],
          "private": "eyJlMmJmYjczMC1lY2FhLTExZTYtOGY4OC0zNDM2M2JjN2M0YzAiOnsiY3JlYXRlIjoxMjAwMDAwMDAwMDAwLCJkZWZhdWx0IjoxMjAwMDAwMDAwMDAwLCJkZWxldGUiOjEyMDAwMDAwMDAwMDAsInJlYWQiOjEyMDAwMDAwMDAwMDAsInVwZGF0ZSI6MTIwMDAwMDAwMDAwMH19"
        }
      ]
    },
    {
      "mode": "managed",
      "type": "proxmox_lxc",
      "name": "lb",
      "provider": "provider[\"registry.terraform.io/telmate/proxmox\"]",
      "instances": [
        {
          "index_key": 0,
          "schema_version": 0,
          "attributes": {
            "arch": "amd64",
            "bwlimit": 0,
            "clone": null,
            "clone_storage": null,
            "cmode": "tty",
            "console": true,
            "cores": 1,
            "cpulimit": 0,
            "cpuunits": 1024,
            "description": "",
            "features": [],
            "force": false,
            "full": null,
            "hagroup": "",
            "hastate": "",
            "hookscript": "",
            "hostname": "lb0",
            "id": "lech/lxc/150",
            "ignore_unpack_errors": false,
            "lock": "",
            "memory": 512,
            "mountpoint": [],
            "nameserver": "",
            "network": [
              {
                "bridge": "vmbr0",
                "firewall": false,
                "gw": "",
                "gw6": "",
                "hwaddr": "F2:65:87:C4:EB:EC",
                "ip": "192.168.3.120/24",
                "ip6": "",
                "mtu": 0,
                "name": "eth0",
                "rate": 0,
                "tag": 0,
                "trunks": "",
                "type": "veth"
              }
            ],
            "onboot": true,
            "ostemplate": "local:vztmpl/ubuntu-22.04-standard_22.04-1_amd64.tar.zst",
            "ostype": "ubuntu",
            "password": null,
            "pool": null,
            "protection": false,
            "restore": false,
            "rootfs": [
              {
                "acl": false,
                "quota": false,
                "replicate": false,
                "ro": false,
                "shared": false,
                "size": "8G",
                "storage": "tb",
                "volume": "tb:150/vm-150-disk-0.raw"
              }
            ],
            "searchdomain": "",
            "ssh_public_keys": "ssh-rsa AAAAB3NzaC1yc2EAAAADAQABAAAEAQDAHKo/EDbCfB3JXjeJaxOw5zwaXOcynlGQLR6EY+yIDJ8nS7OPpJ7hrASYPWFz3pHKWb+y8q2F5czho746VF7tlwN9OaK1DOhHluVHnYBcE7rq0HyHwWYu9Qsq2W01WmdWQ/pExBJwa+r2ybijyiEFXWBBt8ozLCDN8VYTj+JfxM2sPhDBFySVU5mYOsI8JZExkud/2hdeFxahGC4lH9AaaMAKHgeS15bMzJjkT4SQ9Gn+87UPiZ9Iqa1fLyz4PAQl915Ke0OjPcYSDn46fMGczA9aHlBzLRK9n/GR7nF8EHVyeKOg3JvKfBBRxmSye/kR5/ELgM+xZSq1autNMR+GVv/ua8iW1p4f1bcgFAFf/SqmU3rXp89gtwbaPa2E3hlR+yFASF7crbNfQ19tHH5QEnfbDP86pjCtdtCSwkhGIQ6SoHGdV0/+x800Pv6ZFvkrQoAKZz9Gu57k43qM/IMZe7CMeaQ99xs5iVNsj0usVyCDGF9h2tDG+sojAvRcZ3DBZIno3d5M6Ik6W/P4Aa+7B/tKM/sSRG6nRrw6gPnELy0U0ZVArcoUlGjpawD1rS9LZ23lroyhQs8rD35dWYvUUEOqMoLonpXTqbzYzQVHT9SrbzmrOzqq6le0T8K7s16+mq7DInbgbwNvlQJ1QkSdImg6bS+taBIl8Js7X3j8zUeoWz9sU5zabfVPDKmu6yepNH8aHTgR3mLWex5tBIJhDj9xLVY90ia4VwZoUXmXq/kr8lm7QEepCOPRbfOLi67gvtkIgotaT42iD90tCnUGMevyWE5GceD41+V4b3fa/zpjrm3Ga96VTC2B8IOhAsxZOI1roDOnB/CuOsbPB6DpepcW6XWcnr+B8sCprdeZOUIEb7L770FDFRvfP6LuqnaI2eJ8qczQBAT3JS4VqF6n2AJXlsXT0TVbc5/bn2Z/TZJYS8n5RfCxnFmt0KVDcQwFe+5PYovxv6TBVcvFROyDRCe5DpBfnZbw77dezWu/+6TlS9SPNGWPlszBpFcka/tosqnmWcwj6vEE6pYrwGArwZ2ry0uvx/HQncMSs4i93MOCfD9KidRZejOog1FdNhy5EXy/mww25+FJsLr6hvc7oYWVRSdKdKXG+DA/r2YpaCEWmO0PaIPabRH4zuX2Q7ya9ZynRM6AcLS/HMmblsQqoNhjlYPpJ/1lXssYoCvYGnvE+JKsylV4csuMzAYVt3LnSCReoVHTymkdnXI7nG1ALkt9GoZNRR9i1Nhzx/w+Ij0HZq3R/Rt5aJ9x8AqMER4K8hCTJPQ1l2HurE9gFsAcSMwk9cx6pGYMNQ8yncSQEnyYHkCeW0BWmjzyBvGhNc2nhLh97m7UTuT8w8U3UZKh AGlumov\n",
            "start": true,
            "startup": "",
            "swap": 0,
            "tags": "",
            "target_node": "lech",
            "template": false,
            "timeouts": null,
            "tty": 2,
            "unique": false,
            "unprivileged": true,
            "unused": [],
            "vmid": 150
          },
          "sensitive_attributes": [],
          "private": "eyJlMmJmYjczMC1lY2FhLTExZTYtOGY4OC0zNDM2M2JjN2M0YzAiOnsiY3JlYXRlIjoxMjAwMDAwMDAwMDAwLCJkZWZhdWx0IjoxMjAwMDAwMDAwMDAwLCJkZWxldGUiOjEyMDAwMDAwMDAwMDAsInJlYWQiOjEyMDAwMDAwMDAwMDAsInVwZGF0ZSI6MTIwMDAwMDAwMDAwMH19"
        }
      ]
    }
  ]
}
